
Microsoft Visual Studio Solution File, Format Version 12.00
# Visual Studio Version 16
VisualStudioVersion = 16.0.33027.164
MinimumVisualStudioVersion = 10.0.40219.1
Project("{FAE04EC0-301F-11D3-BF4B-00C04F79EFBC}") = "Csharp - Home Work - 13.11.2022", "Csharp - Home Work - 13.11.2022.csproj", "{C4F1F640-C294-447B-8FFE-85658F72EA02}"
EndProject
Global
	GlobalSection(SolutionConfigurationPlatforms) = preSolution
		Debug|Any CPU = Debug|Any CPU
		Release|Any CPU = Release|Any CPU
	EndGlobalSection
	GlobalSection(ProjectConfigurationPlatforms) = postSolution
		{C4F1F640-C294-447B-8FFE-85658F72EA02}.Debug|Any CPU.ActiveCfg = Debug|Any CPU
		{C4F1F640-C294-447B-8FFE-85658F72EA02}.Debug|Any CPU.Build.0 = Debug|Any CPU
		{C4F1F640-C294-447B-8FFE-85658F72EA02}.Release|Any CPU.ActiveCfg = Release|Any CPU
		{C4F1F640-C294-447B-8FFE-85658F72EA02}.Release|Any CPU.Build.0 = Release|Any CPU
	EndGlobalSection
	GlobalSection(SolutionProperties) = preSolution
		HideSolutionNode = FALSE
	EndGlobalSection
	GlobalSection(ExtensibilityGlobals) = postSolution
		SolutionGuid = {BCED9DE4-5454-4BCD-B165-9C0621CF3D6C}
	EndGlobalSection
EndGlobal
